
Microsoft Visual Studio Solution File, Format Version 12.00
# Visual Studio 15
Project("{FAE04EC0-301F-11D3-BF4B-00C04F79EFBC}") = "RoomGenPrototype", "Assembly-CSharp.csproj", "{964E9339-6D78-38A6-7CB4-8D4CD697E4C5}"
EndProject
Project("{FAE04EC0-301F-11D3-BF4B-00C04F79EFBC}") = "RoomGenPrototype", "Assembly-CSharp-firstpass.csproj", "{006F63AA-E6CE-0A78-1375-A8446932DEF5}"
EndProject
Project("{FAE04EC0-301F-11D3-BF4B-00C04F79EFBC}") = "RoomGenPrototype", "Assembly-CSharp-Editor-firstpass.csproj", "{7357E651-315E-82AA-7EAA-B2C1398FEFDD}"
EndProject
Global
	GlobalSection(SolutionConfigurationPlatforms) = preSolution
		Debug|Any CPU = Debug|Any CPU
		Release|Any CPU = Release|Any CPU
	EndGlobalSection
	GlobalSection(ProjectConfigurationPlatforms) = postSolution
		{964E9339-6D78-38A6-7CB4-8D4CD697E4C5}.Debug|Any CPU.ActiveCfg = Debug|Any CPU
		{964E9339-6D78-38A6-7CB4-8D4CD697E4C5}.Debug|Any CPU.Build.0 = Debug|Any CPU
		{964E9339-6D78-38A6-7CB4-8D4CD697E4C5}.Release|Any CPU.ActiveCfg = Release|Any CPU
		{964E9339-6D78-38A6-7CB4-8D4CD697E4C5}.Release|Any CPU.Build.0 = Release|Any CPU
		{006F63AA-E6CE-0A78-1375-A8446932DEF5}.Debug|Any CPU.ActiveCfg = Debug|Any CPU
		{006F63AA-E6CE-0A78-1375-A8446932DEF5}.Debug|Any CPU.Build.0 = Debug|Any CPU
		{006F63AA-E6CE-0A78-1375-A8446932DEF5}.Release|Any CPU.ActiveCfg = Release|Any CPU
		{006F63AA-E6CE-0A78-1375-A8446932DEF5}.Release|Any CPU.Build.0 = Release|Any CPU
		{7357E651-315E-82AA-7EAA-B2C1398FEFDD}.Debug|Any CPU.ActiveCfg = Debug|Any CPU
		{7357E651-315E-82AA-7EAA-B2C1398FEFDD}.Debug|Any CPU.Build.0 = Debug|Any CPU
		{7357E651-315E-82AA-7EAA-B2C1398FEFDD}.Release|Any CPU.ActiveCfg = Release|Any CPU
		{7357E651-315E-82AA-7EAA-B2C1398FEFDD}.Release|Any CPU.Build.0 = Release|Any CPU
	EndGlobalSection
	GlobalSection(SolutionProperties) = preSolution
		HideSolutionNode = FALSE
	EndGlobalSection
EndGlobal
